
Microsoft Visual Studio Solution File, Format Version 12.00
# Visual Studio 15
VisualStudioVersion = 15.0.28010.2041
MinimumVisualStudioVersion = 10.0.40219.1
Project("{FAE04EC0-301F-11D3-BF4B-00C04F79EFBC}") = "Sagui.Base", "Sagui.Base\Sagui.Base.csproj", "{42DEB4DD-331A-4AB6-BAC7-BE34F47E8A6E}"
EndProject
Project("{FAE04EC0-301F-11D3-BF4B-00C04F79EFBC}") = "Sagui.Business", "Sagui.Business\Sagui.Business.csproj", "{7C88EC98-010F-4FF5-B850-F24913D403C7}"
EndProject
Project("{FAE04EC0-301F-11D3-BF4B-00C04F79EFBC}") = "Sagui.Model", "Sagui.Model\Sagui.Model.csproj", "{4756932D-515E-47B0-9E4E-D52C3A4230C9}"
EndProject
Project("{FAE04EC0-301F-11D3-BF4B-00C04F79EFBC}") = "Sagui.Data", "Sagui.Data\Sagui.Data.csproj", "{553A3627-2C53-498F-A571-DB21450E25C3}"
EndProject
Project("{FAE04EC0-301F-11D3-BF4B-00C04F79EFBC}") = "Sagui.Test", "Sagui.Test\Sagui.Test.csproj", "{9DE7740A-B3B4-439F-990F-3C27E03976EE}"
EndProject
Project("{FAE04EC0-301F-11D3-BF4B-00C04F79EFBC}") = "Sagui.Service", "Sagui.Service\Sagui.Service.csproj", "{BD8D642D-1BCD-49AA-B0BC-2B40FBFF3B74}"
EndProject
Project("{FAE04EC0-301F-11D3-BF4B-00C04F79EFBC}") = "Sagui.Service.RequestResponse", "Sagui.Service.RequestResponse\Sagui.Service.RequestResponse.csproj", "{221F4894-E833-4F14-BBAA-26CB316394D7}"
EndProject
Project("{FAE04EC0-301F-11D3-BF4B-00C04F79EFBC}") = "Sagui.Application", "Sagui.Application\Sagui.Application.csproj", "{CD42F606-AF9C-4C7E-96BC-90752A0B33FF}"
EndProject
Project("{FAE04EC0-301F-11D3-BF4B-00C04F79EFBC}") = "Sagui.POC", "Sagui.POC\Sagui.POC.csproj", "{BDA35332-51C3-4B9E-B578-B28248564165}"
EndProject
Global
	GlobalSection(SolutionConfigurationPlatforms) = preSolution
		Debug|Any CPU = Debug|Any CPU
		Release|Any CPU = Release|Any CPU
	EndGlobalSection
	GlobalSection(ProjectConfigurationPlatforms) = postSolution
		{42DEB4DD-331A-4AB6-BAC7-BE34F47E8A6E}.Debug|Any CPU.ActiveCfg = Debug|Any CPU
		{42DEB4DD-331A-4AB6-BAC7-BE34F47E8A6E}.Debug|Any CPU.Build.0 = Debug|Any CPU
		{42DEB4DD-331A-4AB6-BAC7-BE34F47E8A6E}.Release|Any CPU.ActiveCfg = Release|Any CPU
		{42DEB4DD-331A-4AB6-BAC7-BE34F47E8A6E}.Release|Any CPU.Build.0 = Release|Any CPU
		{7C88EC98-010F-4FF5-B850-F24913D403C7}.Debug|Any CPU.ActiveCfg = Debug|Any CPU
		{7C88EC98-010F-4FF5-B850-F24913D403C7}.Debug|Any CPU.Build.0 = Debug|Any CPU
		{7C88EC98-010F-4FF5-B850-F24913D403C7}.Release|Any CPU.ActiveCfg = Release|Any CPU
		{7C88EC98-010F-4FF5-B850-F24913D403C7}.Release|Any CPU.Build.0 = Release|Any CPU
		{4756932D-515E-47B0-9E4E-D52C3A4230C9}.Debug|Any CPU.ActiveCfg = Debug|Any CPU
		{4756932D-515E-47B0-9E4E-D52C3A4230C9}.Debug|Any CPU.Build.0 = Debug|Any CPU
		{4756932D-515E-47B0-9E4E-D52C3A4230C9}.Release|Any CPU.ActiveCfg = Release|Any CPU
		{4756932D-515E-47B0-9E4E-D52C3A4230C9}.Release|Any CPU.Build.0 = Release|Any CPU
		{553A3627-2C53-498F-A571-DB21450E25C3}.Debug|Any CPU.ActiveCfg = Debug|Any CPU
		{553A3627-2C53-498F-A571-DB21450E25C3}.Debug|Any CPU.Build.0 = Debug|Any CPU
		{553A3627-2C53-498F-A571-DB21450E25C3}.Release|Any CPU.ActiveCfg = Release|Any CPU
		{553A3627-2C53-498F-A571-DB21450E25C3}.Release|Any CPU.Build.0 = Release|Any CPU
		{9DE7740A-B3B4-439F-990F-3C27E03976EE}.Debug|Any CPU.ActiveCfg = Debug|Any CPU
		{9DE7740A-B3B4-439F-990F-3C27E03976EE}.Debug|Any CPU.Build.0 = Debug|Any CPU
		{9DE7740A-B3B4-439F-990F-3C27E03976EE}.Release|Any CPU.ActiveCfg = Release|Any CPU
		{9DE7740A-B3B4-439F-990F-3C27E03976EE}.Release|Any CPU.Build.0 = Release|Any CPU
		{BD8D642D-1BCD-49AA-B0BC-2B40FBFF3B74}.Debug|Any CPU.ActiveCfg = Debug|Any CPU
		{BD8D642D-1BCD-49AA-B0BC-2B40FBFF3B74}.Debug|Any CPU.Build.0 = Debug|Any CPU
		{BD8D642D-1BCD-49AA-B0BC-2B40FBFF3B74}.Release|Any CPU.ActiveCfg = Release|Any CPU
		{BD8D642D-1BCD-49AA-B0BC-2B40FBFF3B74}.Release|Any CPU.Build.0 = Release|Any CPU
		{221F4894-E833-4F14-BBAA-26CB316394D7}.Debug|Any CPU.ActiveCfg = Debug|Any CPU
		{221F4894-E833-4F14-BBAA-26CB316394D7}.Debug|Any CPU.Build.0 = Debug|Any CPU
		{221F4894-E833-4F14-BBAA-26CB316394D7}.Release|Any CPU.ActiveCfg = Release|Any CPU
		{221F4894-E833-4F14-BBAA-26CB316394D7}.Release|Any CPU.Build.0 = Release|Any CPU
		{CD42F606-AF9C-4C7E-96BC-90752A0B33FF}.Debug|Any CPU.ActiveCfg = Debug|Any CPU
		{CD42F606-AF9C-4C7E-96BC-90752A0B33FF}.Debug|Any CPU.Build.0 = Debug|Any CPU
		{CD42F606-AF9C-4C7E-96BC-90752A0B33FF}.Release|Any CPU.ActiveCfg = Release|Any CPU
		{CD42F606-AF9C-4C7E-96BC-90752A0B33FF}.Release|Any CPU.Build.0 = Release|Any CPU
		{BDA35332-51C3-4B9E-B578-B28248564165}.Debug|Any CPU.ActiveCfg = Debug|Any CPU
		{BDA35332-51C3-4B9E-B578-B28248564165}.Debug|Any CPU.Build.0 = Debug|Any CPU
		{BDA35332-51C3-4B9E-B578-B28248564165}.Release|Any CPU.ActiveCfg = Release|Any CPU
		{BDA35332-51C3-4B9E-B578-B28248564165}.Release|Any CPU.Build.0 = Release|Any CPU
	EndGlobalSection
	GlobalSection(SolutionProperties) = preSolution
		HideSolutionNode = FALSE
	EndGlobalSection
	GlobalSection(ExtensibilityGlobals) = postSolution
		SolutionGuid = {A3D2B981-B3CA-4BE5-B7A7-EFC4B7935A03}
	EndGlobalSection
EndGlobal
