
Microsoft Visual Studio Solution File, Format Version 12.00
# Visual Studio 15
VisualStudioVersion = 15.0.28010.2041
MinimumVisualStudioVersion = 10.0.40219.1
Project("{9A19103F-16F7-4668-BE54-9A1E7A4F7556}") = "Sagui.Application", "Sagui.Application\Sagui.Application.csproj", "{020E6CB1-8284-4B2F-9331-D465CA1216CA}"
EndProject
Project("{9A19103F-16F7-4668-BE54-9A1E7A4F7556}") = "Sagui.Data", "Sagui.Data\Sagui.Data.csproj", "{325A2207-CB7A-432F-9481-C8120976E308}"
EndProject
Project("{9A19103F-16F7-4668-BE54-9A1E7A4F7556}") = "Sagui.Business", "Sagui.Business\Sagui.Business.csproj", "{4A5BA19F-A4FD-4D0A-BB46-8F30B6FA2663}"
EndProject
Project("{9A19103F-16F7-4668-BE54-9A1E7A4F7556}") = "Sagui.Service", "Sagui.Service\Sagui.Service.csproj", "{B013B5E3-2DCA-4978-A3C3-D3809F4BC329}"
EndProject
Project("{9A19103F-16F7-4668-BE54-9A1E7A4F7556}") = "Sagui.Test", "Sagui.Test\Sagui.Test.csproj", "{11034B5B-6CDF-4924-9E6B-3A4F28510F03}"
EndProject
Project("{9A19103F-16F7-4668-BE54-9A1E7A4F7556}") = "Sagui.Service.RequestResponse", "Sagui.Service.RequestResponse\Sagui.Service.RequestResponse.csproj", "{0D436066-5437-48D3-87F7-342B2FE84553}"
EndProject
Project("{9A19103F-16F7-4668-BE54-9A1E7A4F7556}") = "Sagui.Base", "Sagui.Base\Sagui.Base.csproj", "{07B2EBB1-A8A0-426A-B4A2-8189620F2B74}"
EndProject
Project("{9A19103F-16F7-4668-BE54-9A1E7A4F7556}") = "Sagui.Model", "Sagui.Model\Sagui.Model.csproj", "{45180535-4B4E-4661-B1A9-D336988EC7DA}"
EndProject
Project("{FAE04EC0-301F-11D3-BF4B-00C04F79EFBC}") = "Sagui.DBNN", "Sagui.DBNN\Sagui.DBNN.csproj", "{190D7CAC-3009-41C9-BBA6-C6F82ED3976D}"
EndProject
Global
	GlobalSection(SolutionConfigurationPlatforms) = preSolution
		Debug|Any CPU = Debug|Any CPU
		Release|Any CPU = Release|Any CPU
	EndGlobalSection
	GlobalSection(ProjectConfigurationPlatforms) = postSolution
		{020E6CB1-8284-4B2F-9331-D465CA1216CA}.Debug|Any CPU.ActiveCfg = Debug|Any CPU
		{020E6CB1-8284-4B2F-9331-D465CA1216CA}.Debug|Any CPU.Build.0 = Debug|Any CPU
		{020E6CB1-8284-4B2F-9331-D465CA1216CA}.Release|Any CPU.ActiveCfg = Release|Any CPU
		{020E6CB1-8284-4B2F-9331-D465CA1216CA}.Release|Any CPU.Build.0 = Release|Any CPU
		{325A2207-CB7A-432F-9481-C8120976E308}.Debug|Any CPU.ActiveCfg = Debug|Any CPU
		{325A2207-CB7A-432F-9481-C8120976E308}.Debug|Any CPU.Build.0 = Debug|Any CPU
		{325A2207-CB7A-432F-9481-C8120976E308}.Release|Any CPU.ActiveCfg = Release|Any CPU
		{325A2207-CB7A-432F-9481-C8120976E308}.Release|Any CPU.Build.0 = Release|Any CPU
		{4A5BA19F-A4FD-4D0A-BB46-8F30B6FA2663}.Debug|Any CPU.ActiveCfg = Debug|Any CPU
		{4A5BA19F-A4FD-4D0A-BB46-8F30B6FA2663}.Debug|Any CPU.Build.0 = Debug|Any CPU
		{4A5BA19F-A4FD-4D0A-BB46-8F30B6FA2663}.Release|Any CPU.ActiveCfg = Release|Any CPU
		{4A5BA19F-A4FD-4D0A-BB46-8F30B6FA2663}.Release|Any CPU.Build.0 = Release|Any CPU
		{B013B5E3-2DCA-4978-A3C3-D3809F4BC329}.Debug|Any CPU.ActiveCfg = Debug|Any CPU
		{B013B5E3-2DCA-4978-A3C3-D3809F4BC329}.Debug|Any CPU.Build.0 = Debug|Any CPU
		{B013B5E3-2DCA-4978-A3C3-D3809F4BC329}.Release|Any CPU.ActiveCfg = Release|Any CPU
		{B013B5E3-2DCA-4978-A3C3-D3809F4BC329}.Release|Any CPU.Build.0 = Release|Any CPU
		{11034B5B-6CDF-4924-9E6B-3A4F28510F03}.Debug|Any CPU.ActiveCfg = Debug|Any CPU
		{11034B5B-6CDF-4924-9E6B-3A4F28510F03}.Debug|Any CPU.Build.0 = Debug|Any CPU
		{11034B5B-6CDF-4924-9E6B-3A4F28510F03}.Release|Any CPU.ActiveCfg = Release|Any CPU
		{11034B5B-6CDF-4924-9E6B-3A4F28510F03}.Release|Any CPU.Build.0 = Release|Any CPU
		{0D436066-5437-48D3-87F7-342B2FE84553}.Debug|Any CPU.ActiveCfg = Debug|Any CPU
		{0D436066-5437-48D3-87F7-342B2FE84553}.Debug|Any CPU.Build.0 = Debug|Any CPU
		{0D436066-5437-48D3-87F7-342B2FE84553}.Release|Any CPU.ActiveCfg = Release|Any CPU
		{0D436066-5437-48D3-87F7-342B2FE84553}.Release|Any CPU.Build.0 = Release|Any CPU
		{07B2EBB1-A8A0-426A-B4A2-8189620F2B74}.Debug|Any CPU.ActiveCfg = Debug|Any CPU
		{07B2EBB1-A8A0-426A-B4A2-8189620F2B74}.Debug|Any CPU.Build.0 = Debug|Any CPU
		{07B2EBB1-A8A0-426A-B4A2-8189620F2B74}.Release|Any CPU.ActiveCfg = Release|Any CPU
		{07B2EBB1-A8A0-426A-B4A2-8189620F2B74}.Release|Any CPU.Build.0 = Release|Any CPU
		{45180535-4B4E-4661-B1A9-D336988EC7DA}.Debug|Any CPU.ActiveCfg = Debug|Any CPU
		{45180535-4B4E-4661-B1A9-D336988EC7DA}.Debug|Any CPU.Build.0 = Debug|Any CPU
		{45180535-4B4E-4661-B1A9-D336988EC7DA}.Release|Any CPU.ActiveCfg = Release|Any CPU
		{45180535-4B4E-4661-B1A9-D336988EC7DA}.Release|Any CPU.Build.0 = Release|Any CPU
		{190D7CAC-3009-41C9-BBA6-C6F82ED3976D}.Debug|Any CPU.ActiveCfg = Debug|Any CPU
		{190D7CAC-3009-41C9-BBA6-C6F82ED3976D}.Debug|Any CPU.Build.0 = Debug|Any CPU
		{190D7CAC-3009-41C9-BBA6-C6F82ED3976D}.Release|Any CPU.ActiveCfg = Release|Any CPU
		{190D7CAC-3009-41C9-BBA6-C6F82ED3976D}.Release|Any CPU.Build.0 = Release|Any CPU
	EndGlobalSection
	GlobalSection(SolutionProperties) = preSolution
		HideSolutionNode = FALSE
	EndGlobalSection
	GlobalSection(ExtensibilityGlobals) = postSolution
		SolutionGuid = {A3D2B981-B3CA-4BE5-B7A7-EFC4B7935A03}
	EndGlobalSection
EndGlobal
